
Microsoft Visual Studio Solution File, Format Version 12.00
# Visual Studio Version 17
VisualStudioVersion = 17.4.33110.190
MinimumVisualStudioVersion = 10.0.40219.1
Project("{FAE04EC0-301F-11D3-BF4B-00C04F79EFBC}") = "MarthaService", "MarthaService\MarthaService.csproj", "{74465922-9BE8-48A6-BFAE-9604927E85AD}"
EndProject
Project("{FAE04EC0-301F-11D3-BF4B-00C04F79EFBC}") = "Models", "Models\Models.csproj", "{E9E78068-44E7-496C-945B-F47C7F63AA5E}"
EndProject
Project("{FAE04EC0-301F-11D3-BF4B-00C04F79EFBC}") = "MarthaOnMaui", "MarthaOnMaui\MarthaOnMaui.csproj", "{63797B3D-5716-4963-B667-E304A544C425}"
EndProject
Project("{FAE04EC0-301F-11D3-BF4B-00C04F79EFBC}") = "MarthaClient", "MarthaClient\MarthaClient.csproj", "{24132F77-476B-450D-B83F-F9B736397C8B}"
EndProject
Global
	GlobalSection(SolutionConfigurationPlatforms) = preSolution
		Debug|Any CPU = Debug|Any CPU
		Release|Any CPU = Release|Any CPU
	EndGlobalSection
	GlobalSection(ProjectConfigurationPlatforms) = postSolution
		{74465922-9BE8-48A6-BFAE-9604927E85AD}.Debug|Any CPU.ActiveCfg = Debug|Any CPU
		{74465922-9BE8-48A6-BFAE-9604927E85AD}.Debug|Any CPU.Build.0 = Debug|Any CPU
		{74465922-9BE8-48A6-BFAE-9604927E85AD}.Release|Any CPU.ActiveCfg = Release|Any CPU
		{74465922-9BE8-48A6-BFAE-9604927E85AD}.Release|Any CPU.Build.0 = Release|Any CPU
		{E9E78068-44E7-496C-945B-F47C7F63AA5E}.Debug|Any CPU.ActiveCfg = Debug|Any CPU
		{E9E78068-44E7-496C-945B-F47C7F63AA5E}.Debug|Any CPU.Build.0 = Debug|Any CPU
		{E9E78068-44E7-496C-945B-F47C7F63AA5E}.Release|Any CPU.ActiveCfg = Release|Any CPU
		{E9E78068-44E7-496C-945B-F47C7F63AA5E}.Release|Any CPU.Build.0 = Release|Any CPU
		{63797B3D-5716-4963-B667-E304A544C425}.Debug|Any CPU.ActiveCfg = Debug|Any CPU
		{63797B3D-5716-4963-B667-E304A544C425}.Debug|Any CPU.Build.0 = Debug|Any CPU
		{63797B3D-5716-4963-B667-E304A544C425}.Release|Any CPU.ActiveCfg = Release|Any CPU
		{63797B3D-5716-4963-B667-E304A544C425}.Release|Any CPU.Build.0 = Release|Any CPU
		{24132F77-476B-450D-B83F-F9B736397C8B}.Debug|Any CPU.ActiveCfg = Debug|Any CPU
		{24132F77-476B-450D-B83F-F9B736397C8B}.Debug|Any CPU.Build.0 = Debug|Any CPU
		{24132F77-476B-450D-B83F-F9B736397C8B}.Release|Any CPU.ActiveCfg = Release|Any CPU
		{24132F77-476B-450D-B83F-F9B736397C8B}.Release|Any CPU.Build.0 = Release|Any CPU
	EndGlobalSection
	GlobalSection(SolutionProperties) = preSolution
		HideSolutionNode = FALSE
	EndGlobalSection
	GlobalSection(ExtensibilityGlobals) = postSolution
		SolutionGuid = {9BB47565-C3BD-4C60-84EE-FEC1FE10C6FF}
	EndGlobalSection
EndGlobal
